github.com/blang/semver v3.5.1+incompatible h1:cQNTCjp13qL8KC3Nbxr/y2Bqb63oX6wdnnjpJbkM4JQ=
github.com/blang/semver v3.5.1+incompatible/go.mod h1:kRBLl5iJ+tD4TcOOxsy/0fnwebNt5EWlYSAyrTnjyyk=
github.com/goccy/go-json v0.7.4 h1:B44qRUFwz/vxPKPISQ1KhvzRi9kZ28RAf6YtjriBZ5k=
github.com/goccy/go-json v0.7.4/go.mod h1:6MelG93GURQebXPDq3khkgXZkazVtN9CRI+MGFi0w8I=
github.com/goccy/go-json v0.7.9 h1:mSp3uo1tr6MXQTYopSNhHTUnJhd2zQ4Yk+HdJZP+ZRY=
github.com/goccy/go-json v0.7.9/go.mod h1:6MelG93GURQebXPDq3khkgXZkazVtN9CRI+MGFi0w8I=
github.com/valyala/fastjson v1.6.3 h1:tAKFnnwmeMGPbwJ7IwxcTPCNr3uIzoIj3/Fh90ra4xc=
github.com/valyala/fastjson v1.6.3/go.mod h1:CLCAqky6SMuOcxStkYQvblddUtoRxhYMGLrsQns1aXY=
github.com/vladimirvivien/automi v0.1.0-alpha.0.0.20210803044724-6b6f77fbd090 h1:455MqwFMgAmrX8L7AzFnOwrjHcfJvY9ybf7RKjCsmvU=
github.com/vladimirvivien/automi v0.1.0-alpha.0.0.20210803044724-6b6f77fbd090/go.mod h1:PzgpiKWigOxgxpeP11VuCTT5wV3WgUZiD435PAW2C0w=
